<?xml version="1.0" encoding="utf-8"?>
<Project ToolsVersion="4.0" xmlns="http://schemas.microsoft.com/developer/msbuild/2003">
  <ItemGroup>
    <Filter Include="src">
      <UniqueIdentifier>{1ccdd45e-7420-4b04-bd4c-04c3ee56e0d4}</UniqueIdentifier>
    </Filter>
    <Filter Include="private">
      <UniqueIdentifier>{a4a473e8-8368-4a34-946c-b022c21f30a8}</UniqueIdentifier>
    </Filter>
  </ItemGroup>
  <ItemGroup>
    <ClCompile Include="src\Main.cpp">
      <Filter>src</Filter>
    </ClCompile>
  </ItemGroup>
</Project>